
Microsoft Visual Studio Solution File, Format Version 12.00
# Visual Studio 15
VisualStudioVersion = 15.0.27428.1
MinimumVisualStudioVersion = 10.0.40219.1
Project("{FAE04EC0-301F-11D3-BF4B-00C04F79EFBC}") = "ReferenceNewerAppInsights", "ReferenceNewerAppInsights\ReferenceNewerAppInsights.csproj", "{567ECDB2-252F-4093-9A07-9794D0A9821A}"
EndProject
Project("{FAE04EC0-301F-11D3-BF4B-00C04F79EFBC}") = "v2_ReferenceNewerAppInsights", "v2_ReferenceNewerAppInsights\v2_ReferenceNewerAppInsights.csproj", "{4D373216-AB65-4AC0-AB0A-B12F36D8F326}"
EndProject
Global
	GlobalSection(SolutionConfigurationPlatforms) = preSolution
		Debug|Any CPU = Debug|Any CPU
		Release|Any CPU = Release|Any CPU
	EndGlobalSection
	GlobalSection(ProjectConfigurationPlatforms) = postSolution
		{567ECDB2-252F-4093-9A07-9794D0A9821A}.Debug|Any CPU.ActiveCfg = Debug|Any CPU
		{567ECDB2-252F-4093-9A07-9794D0A9821A}.Debug|Any CPU.Build.0 = Debug|Any CPU
		{567ECDB2-252F-4093-9A07-9794D0A9821A}.Release|Any CPU.ActiveCfg = Release|Any CPU
		{567ECDB2-252F-4093-9A07-9794D0A9821A}.Release|Any CPU.Build.0 = Release|Any CPU
		{4D373216-AB65-4AC0-AB0A-B12F36D8F326}.Debug|Any CPU.ActiveCfg = Debug|Any CPU
		{4D373216-AB65-4AC0-AB0A-B12F36D8F326}.Debug|Any CPU.Build.0 = Debug|Any CPU
		{4D373216-AB65-4AC0-AB0A-B12F36D8F326}.Release|Any CPU.ActiveCfg = Release|Any CPU
		{4D373216-AB65-4AC0-AB0A-B12F36D8F326}.Release|Any CPU.Build.0 = Release|Any CPU
	EndGlobalSection
	GlobalSection(SolutionProperties) = preSolution
		HideSolutionNode = FALSE
	EndGlobalSection
	GlobalSection(ExtensibilityGlobals) = postSolution
		SolutionGuid = {CB1E0808-95A0-4F6C-A931-04968B34C655}
	EndGlobalSection
EndGlobal
